
Microsoft Visual Studio Solution File, Format Version 12.00
# Visual Studio Version 17
VisualStudioVersion = 17.4.33103.184
MinimumVisualStudioVersion = 10.0.40219.1
Project("{9A19103F-16F7-4668-BE54-9A1E7A4F7556}") = "Homework1", "Homework1\Homework1.csproj", "{6B7DFDC5-B183-4D44-939C-19D244E24CE5}"
EndProject
Project("{FAE04EC0-301F-11D3-BF4B-00C04F79EFBC}") = "Homework2", "Homework2\Homework2.csproj", "{CAB78AFB-78DC-4B59-A5FE-B8BB2158F8FF}"
EndProject
Project("{FAE04EC0-301F-11D3-BF4B-00C04F79EFBC}") = "HomeworkTests", "HomeworkTests\HomeworkTests.csproj", "{D7EE097A-59AE-436C-A5D8-74103C3F6359}"
EndProject
Global
	GlobalSection(SolutionConfigurationPlatforms) = preSolution
		Debug|Any CPU = Debug|Any CPU
		Release|Any CPU = Release|Any CPU
	EndGlobalSection
	GlobalSection(ProjectConfigurationPlatforms) = postSolution
		{6B7DFDC5-B183-4D44-939C-19D244E24CE5}.Debug|Any CPU.ActiveCfg = Debug|Any CPU
		{6B7DFDC5-B183-4D44-939C-19D244E24CE5}.Debug|Any CPU.Build.0 = Debug|Any CPU
		{6B7DFDC5-B183-4D44-939C-19D244E24CE5}.Release|Any CPU.ActiveCfg = Release|Any CPU
		{6B7DFDC5-B183-4D44-939C-19D244E24CE5}.Release|Any CPU.Build.0 = Release|Any CPU
		{CAB78AFB-78DC-4B59-A5FE-B8BB2158F8FF}.Debug|Any CPU.ActiveCfg = Debug|Any CPU
		{CAB78AFB-78DC-4B59-A5FE-B8BB2158F8FF}.Debug|Any CPU.Build.0 = Debug|Any CPU
		{CAB78AFB-78DC-4B59-A5FE-B8BB2158F8FF}.Release|Any CPU.ActiveCfg = Release|Any CPU
		{CAB78AFB-78DC-4B59-A5FE-B8BB2158F8FF}.Release|Any CPU.Build.0 = Release|Any CPU
		{D7EE097A-59AE-436C-A5D8-74103C3F6359}.Debug|Any CPU.ActiveCfg = Debug|Any CPU
		{D7EE097A-59AE-436C-A5D8-74103C3F6359}.Debug|Any CPU.Build.0 = Debug|Any CPU
		{D7EE097A-59AE-436C-A5D8-74103C3F6359}.Release|Any CPU.ActiveCfg = Release|Any CPU
		{D7EE097A-59AE-436C-A5D8-74103C3F6359}.Release|Any CPU.Build.0 = Release|Any CPU
	EndGlobalSection
	GlobalSection(SolutionProperties) = preSolution
		HideSolutionNode = FALSE
	EndGlobalSection
	GlobalSection(ExtensibilityGlobals) = postSolution
		SolutionGuid = {F848F747-6C67-4B19-9698-855FE7483216}
	EndGlobalSection
EndGlobal
